
Microsoft Visual Studio Solution File, Format Version 12.00
# Visual Studio Version 17
VisualStudioVersion = 17.7.34202.233
MinimumVisualStudioVersion = 10.0.40219.1
Project("{FAE04EC0-301F-11D3-BF4B-00C04F79EFBC}") = "Core.Persistence", "Core.Persistence\Core.Persistence.csproj", "{86898F59-5992-4933-AE38-167A5133CF5C}"
EndProject
Global
	GlobalSection(SolutionConfigurationPlatforms) = preSolution
		Debug|Any CPU = Debug|Any CPU
		Release|Any CPU = Release|Any CPU
	EndGlobalSection
	GlobalSection(ProjectConfigurationPlatforms) = postSolution
		{86898F59-5992-4933-AE38-167A5133CF5C}.Debug|Any CPU.ActiveCfg = Debug|Any CPU
		{86898F59-5992-4933-AE38-167A5133CF5C}.Debug|Any CPU.Build.0 = Debug|Any CPU
		{86898F59-5992-4933-AE38-167A5133CF5C}.Release|Any CPU.ActiveCfg = Release|Any CPU
		{86898F59-5992-4933-AE38-167A5133CF5C}.Release|Any CPU.Build.0 = Release|Any CPU
	EndGlobalSection
	GlobalSection(SolutionProperties) = preSolution
		HideSolutionNode = FALSE
	EndGlobalSection
	GlobalSection(ExtensibilityGlobals) = postSolution
		SolutionGuid = {D121EF9A-BF77-450A-A754-FDEC1966E214}
	EndGlobalSection
EndGlobal
